// !$*UTF8*$!
{
	archiveVersion = 1;
	classes = {
	};
	objectVersion = 56;
	objects = {

/* Begin PBXBuildFile section */
		FB5F6AA52B30B94600767895 /* DataFlow4_4App.swift in Sources */ = {isa = PBXBuildFile; fileRef = FB5F6AA42B30B94600767895 /* DataFlow4_4App.swift */; };
		FB5F6AA72B30B94600767895 /* ContentView.swift in Sources */ = {isa = PBXBuildFile; fileRef = FB5F6AA62B30B94600767895 /* ContentView.swift */; };
		FB5F6AA92B30B94800767895 /* Assets.xcassets in Resources */ = {isa = PBXBuildFile; fileRef = FB5F6AA82B30B94800767895 /* Assets.xcassets */; };
		FB5F6AAC2B30B94800767895 /* Preview Assets.xcassets in Resources */ = {isa = PBXBuildFile; fileRef = FB5F6AAB2B30B94800767895 /* Preview Assets.xcassets */; };
		FB5F6AB42B30BD2A00767895 /* ButtonView.swift in Sources */ = {isa = PBXBuildFile; fileRef = FB5F6AB32B30BD2A00767895 /* ButtonView.swift */; };
		FB5F6AB62B30BF1400767895 /* TimeCounter.swift in Sources */ = {isa = PBXBuildFile; fileRef = FB5F6AB52B30BF1400767895 /* TimeCounter.swift */; };
		FB5F6AB82B30C64900767895 /* LOGINVIEW.swift in Sources */ = {isa = PBXBuildFile; fileRef = FB5F6AB72B30C64900767895 /* LOGINVIEW.swift */; };
		FB5F6ABA2B30C75C00767895 /* UserSettings.swift in Sources */ = {isa = PBXBuildFile; fileRef = FB5F6AB92B30C75C00767895 /* UserSettings.swift */; };
		FB5F6ABC2B30C87400767895 /* RootView.swift in Sources */ = {isa = PBXBuildFile; fileRef = FB5F6ABB2B30C87400767895 /* RootView.swift */; };
/* End PBXBuildFile section */

/* Begin PBXFileReference section */
		FB5F6AA12B30B94600767895 /* DataFlow4.4.app */ = {isa = PBXFileReference; explicitFileType = wrapper.application; includeInIndex = 0; path = DataFlow4.4.app; sourceTree = BUILT_PRODUCTS_DIR; };
		FB5F6AA42B30B94600767895 /* DataFlow4_4App.swift */ = {isa = PBXFileReference; lastKnownFileType = sourcecode.swift; path = DataFlow4_4App.swift; sourceTree = "<group>"; };
		FB5F6AA62B30B94600767895 /* ContentView.swift */ = {isa = PBXFileReference; lastKnownFileType = sourcecode.swift; path = ContentView.swift; sourceTree = "<group>"; };
		FB5F6AA82B30B94800767895 /* Assets.xcassets */ = {isa = PBXFileReference; lastKnownFileType = folder.assetcatalog; path = Assets.xcassets; sourceTree = "<group>"; };
		FB5F6AAB2B30B94800767895 /* Preview Assets.xcassets */ = {isa = PBXFileReference; lastKnownFileType = folder.assetcatalog; path = "Preview Assets.xcassets"; sourceTree = "<group>"; };
		FB5F6AAD2B30B94800767895 /* DataFlow4_4.entitlements */ = {isa = PBXFileReference; lastKnownFileType = text.plist.entitlements; path = DataFlow4_4.entitlements; sourceTree = "<group>"; };
		FB5F6AB32B30BD2A00767895 /* ButtonView.swift */ = {isa = PBXFileReference; lastKnownFileType = sourcecode.swift; path = ButtonView.swift; sourceTree = "<group>"; };
		FB5F6AB52B30BF1400767895 /* TimeCounter.swift */ = {isa = PBXFileReference; lastKnownFileType = sourcecode.swift; path = TimeCounter.swift; sourceTree = "<group>"; };
		FB5F6AB72B30C64900767895 /* LOGINVIEW.swift */ = {isa = PBXFileReference; lastKnownFileType = sourcecode.swift; path = LOGINVIEW.swift; sourceTree = "<group>"; };
		FB5F6AB92B30C75C00767895 /* UserSettings.swift */ = {isa = PBXFileReference; lastKnownFileType = sourcecode.swift; path = UserSettings.swift; sourceTree = "<group>"; };
		FB5F6ABB2B30C87400767895 /* RootView.swift */ = {isa = PBXFileReference; lastKnownFileType = sourcecode.swift; path = RootView.swift; sourceTree = "<group>"; };
/* End PBXFileReference section */

/* Begin PBXFrameworksBuildPhase section */
		FB5F6A9E2B30B94500767895 /* Frameworks */ = {
			isa = PBXFrameworksBuildPhase;
			buildActionMask = 2147483647;
			files = (
			);
			runOnlyForDeploymentPostprocessing = 0;
		};
/* End PBXFrameworksBuildPhase section */

/* Begin PBXGroup section */
		FB5F6A982B30B94500767895 = {
			isa = PBXGroup;
			children = (
				FB5F6AA32B30B94600767895 /* DataFlow4.4 */,
				FB5F6AA22B30B94600767895 /* Products */,
			);
			sourceTree = "<group>";
		};
		FB5F6AA22B30B94600767895 /* Products */ = {
			isa = PBXGroup;
			children = (
				FB5F6AA12B30B94600767895 /* DataFlow4.4.app */,
			);
			name = Products;
			sourceTree = "<group>";
		};
		FB5F6AA32B30B94600767895 /* DataFlow4.4 */ = {
			isa = PBXGroup;
			children = (
				FB5F6AA42B30B94600767895 /* DataFlow4_4App.swift */,
				FB5F6AA62B30B94600767895 /* ContentView.swift */,
				FB5F6AA82B30B94800767895 /* Assets.xcassets */,
				FB5F6AAD2B30B94800767895 /* DataFlow4_4.entitlements */,
				FB5F6AAA2B30B94800767895 /* Preview Content */,
				FB5F6AB32B30BD2A00767895 /* ButtonView.swift */,
				FB5F6AB52B30BF1400767895 /* TimeCounter.swift */,
				FB5F6AB72B30C64900767895 /* LOGINVIEW.swift */,
				FB5F6AB92B30C75C00767895 /* UserSettings.swift */,
				FB5F6ABB2B30C87400767895 /* RootView.swift */,
			);
			path = DataFlow4.4;
			sourceTree = "<group>";
		};
		FB5F6AAA2B30B94800767895 /* Preview Content */ = {
			isa = PBXGroup;
			children = (
				FB5F6AAB2B30B94800767895 /* Preview Assets.xcassets */,
			);
			path = "Preview Content";
			sourceTree = "<group>";
		};
/* End PBXGroup section */

/* Begin PBXNativeTarget section */
		FB5F6AA02B30B94500767895 /* DataFlow4.4 */ = {
			isa = PBXNativeTarget;
			buildConfigurationList = FB5F6AB02B30B94800767895 /* Build configuration list for PBXNativeTarget "DataFlow4.4" */;
			buildPhases = (
				FB5F6A9D2B30B94500767895 /* Sources */,
				FB5F6A9E2B30B94500767895 /* Frameworks */,
				FB5F6A9F2B30B94500767895 /* Resources */,
			);
			buildRules = (
			);
			dependencies = (
			);
			name = DataFlow4.4;
			productName = DataFlow4.4;
			productReference = FB5F6AA12B30B94600767895 /* DataFlow4.4.app */;
			productType = "com.apple.product-type.application";
		};
/* End PBXNativeTarget section */

/* Begin PBXProject section */
		FB5F6A992B30B94500767895 /* Project object */ = {
			isa = PBXProject;
			attributes = {
				BuildIndependentTargetsInParallel = 1;
				LastSwiftUpdateCheck = 1510;
				LastUpgradeCheck = 1510;
				TargetAttributes = {
					FB5F6AA02B30B94500767895 = {
						CreatedOnToolsVersion = 15.1;
					};
				};
			};
			buildConfigurationList = FB5F6A9C2B30B94500767895 /* Build configuration list for PBXProject "DataFlow4.4" */;
			compatibilityVersion = "Xcode 14.0";
			developmentRegion = en;
			hasScannedForEncodings = 0;
			knownRegions = (
				en,
				Base,
			);
			mainGroup = FB5F6A982B30B94500767895;
			productRefGroup = FB5F6AA22B30B94600767895 /* Products */;
			projectDirPath = "";
			projectRoot = "";
			targets = (
				FB5F6AA02B30B94500767895 /* DataFlow4.4 */,
			);
		};
/* End PBXProject section */

/* Begin PBXResourcesBuildPhase section */
		FB5F6A9F2B30B94500767895 /* Resources */ = {
			isa = PBXResourcesBuildPhase;
			buildActionMask = 2147483647;
			files = (
				FB5F6AAC2B30B94800767895 /* Preview Assets.xcassets in Resources */,
				FB5F6AA92B30B94800767895 /* Assets.xcassets in Resources */,
			);
			runOnlyForDeploymentPostprocessing = 0;
		};
/* End PBXResourcesBuildPhase section */

/* Begin PBXSourcesBuildPhase section */
		FB5F6A9D2B30B94500767895 /* Sources */ = {
			isa = PBXSourcesBuildPhase;
			buildActionMask = 2147483647;
			files = (
				FB5F6AA72B30B94600767895 /* ContentView.swift in Sources */,
				FB5F6ABA2B30C75C00767895 /* UserSettings.swift in Sources */,
				FB5F6AA52B30B94600767895 /* DataFlow4_4App.swift in Sources */,
				FB5F6AB42B30BD2A00767895 /* ButtonView.swift in Sources */,
				FB5F6ABC2B30C87400767895 /* RootView.swift in Sources */,
				FB5F6AB82B30C64900767895 /* LOGINVIEW.swift in Sources */,
				FB5F6AB62B30BF1400767895 /* TimeCounter.swift in Sources */,
			);
			runOnlyForDeploymentPostprocessing = 0;
		};
/* End PBXSourcesBuildPhase section */

/* Begin XCBuildConfiguration section */
		FB5F6AAE2B30B94800767895 /* Debug */ = {
			isa = XCBuildConfiguration;
			buildSettings = {
				ALWAYS_SEARCH_USER_PATHS = NO;
				ASSETCATALOG_COMPILER_GENERATE_SWIFT_ASSET_SYMBOL_EXTENSIONS = YES;
				CLANG_ANALYZER_NONNULL = YES;
				CLANG_ANALYZER_NUMBER_OBJECT_CONVERSION = YES_AGGRESSIVE;
				CLANG_CXX_LANGUAGE_STANDARD = "gnu++20";
				CLANG_ENABLE_MODULES = YES;
				CLANG_ENABLE_OBJC_ARC = YES;
				CLANG_ENABLE_OBJC_WEAK = YES;
				CLANG_WARN_BLOCK_CAPTURE_AUTORELEASING = YES;
				CLANG_WARN_BOOL_CONVERSION = YES;
				CLANG_WARN_COMMA = YES;
				CLANG_WARN_CONSTANT_CONVERSION = YES;
				CLANG_WARN_DEPRECATED_OBJC_IMPLEMENTATIONS = YES;
				CLANG_WARN_DIRECT_OBJC_ISA_USAGE = YES_ERROR;
				CLANG_WARN_DOCUMENTATION_COMMENTS = YES;
				CLANG_WARN_EMPTY_BODY = YES;
				CLANG_WARN_ENUM_CONVERSION = YES;
				CLANG_WARN_INFINITE_RECURSION = YES;
				CLANG_WARN_INT_CONVERSION = YES;
				CLANG_WARN_NON_LITERAL_NULL_CONVERSION = YES;
				CLANG_WARN_OBJC_IMPLICIT_RETAIN_SELF = YES;
				CLANG_WARN_OBJC_LITERAL_CONVERSION = YES;
				CLANG_WARN_OBJC_ROOT_CLASS = YES_ERROR;
				CLANG_WARN_QUOTED_INCLUDE_IN_FRAMEWORK_HEADER = YES;
				CLANG_WARN_RANGE_LOOP_ANALYSIS = YES;
				CLANG_WARN_STRICT_PROTOTYPES = YES;
				CLANG_WARN_SUSPICIOUS_MOVE = YES;
				CLANG_WARN_UNGUARDED_AVAILABILITY = YES_AGGRESSIVE;
				CLANG_WARN_UNREACHABLE_CODE = YES;
				CLANG_WARN__DUPLICATE_METHOD_MATCH = YES;
				COPY_PHASE_STRIP = NO;
				DEBUG_INFORMATION_FORMAT = dwarf;
				ENABLE_STRICT_OBJC_MSGSEND = YES;
				ENABLE_TESTABILITY = YES;
				ENABLE_USER_SCRIPT_SANDBOXING = YES;
				GCC_C_LANGUAGE_STANDARD = gnu17;
				GCC_DYNAMIC_NO_PIC = NO;
				GCC_NO_COMMON_BLOCKS = YES;
				GCC_OPTIMIZATION_LEVEL = 0;
				GCC_PREPROCESSOR_DEFINITIONS = (
					"DEBUG=1",
					"$(inherited)",
				);
				GCC_WARN_64_TO_32_BIT_CONVERSION = YES;
				GCC_WARN_ABOUT_RETURN_TYPE = YES_ERROR;
				GCC_WARN_UNDECLARED_SELECTOR = YES;
				GCC_WARN_UNINITIALIZED_AUTOS = YES_AGGRESSIVE;
				GCC_WARN_UNUSED_FUNCTION = YES;
				GCC_WARN_UNUSED_VARIABLE = YES;
				LOCALIZATION_PREFERS_STRING_CATALOGS = YES;
				MACOSX_DEPLOYMENT_TARGET = 13.6;
				MTL_ENABLE_DEBUG_INFO = INCLUDE_SOURCE;
				MTL_FAST_MATH = YES;
				ONLY_ACTIVE_ARCH = YES;
				SDKROOT = macosx;
				SWIFT_ACTIVE_COMPILATION_CONDITIONS = "DEBUG $(inherited)";
				SWIFT_OPTIMIZATION_LEVEL = "-Onone";
			};
			name = Debug;
		};
		FB5F6AAF2B30B94800767895 /* Release */ = {
			isa = XCBuildConfiguration;
			buildSettings = {
				ALWAYS_SEARCH_USER_PATHS = NO;
				ASSETCATALOG_COMPILER_GENERATE_SWIFT_ASSET_SYMBOL_EXTENSIONS = YES;
				CLANG_ANALYZER_NONNULL = YES;
				CLANG_ANALYZER_NUMBER_OBJECT_CONVERSION = YES_AGGRESSIVE;
				CLANG_CXX_LANGUAGE_STANDARD = "gnu++20";
				CLANG_ENABLE_MODULES = YES;
				CLANG_ENABLE_OBJC_ARC = YES;
				CLANG_ENABLE_OBJC_WEAK = YES;
				CLANG_WARN_BLOCK_CAPTURE_AUTORELEASING = YES;
				CLANG_WARN_BOOL_CONVERSION = YES;
				CLANG_WARN_COMMA = YES;
				CLANG_WARN_CONSTANT_CONVERSION = YES;
				CLANG_WARN_DEPRECATED_OBJC_IMPLEMENTATIONS = YES;
				CLANG_WARN_DIRECT_OBJC_ISA_USAGE = YES_ERROR;
				CLANG_WARN_DOCUMENTATION_COMMENTS = YES;
				CLANG_WARN_EMPTY_BODY = YES;
				CLANG_WARN_ENUM_CONVERSION = YES;
				CLANG_WARN_INFINITE_RECURSION = YES;
				CLANG_WARN_INT_CONVERSION = YES;
				CLANG_WARN_NON_LITERAL_NULL_CONVERSION = YES;
				CLANG_WARN_OBJC_IMPLICIT_RETAIN_SELF = YES;
				CLANG_WARN_OBJC_LITERAL_CONVERSION = YES;
				CLANG_WARN_OBJC_ROOT_CLASS = YES_ERROR;
				CLANG_WARN_QUOTED_INCLUDE_IN_FRAMEWORK_HEADER = YES;
				CLANG_WARN_RANGE_LOOP_ANALYSIS = YES;
				CLANG_WARN_STRICT_PROTOTYPES = YES;
				CLANG_WARN_SUSPICIOUS_MOVE = YES;
				CLANG_WARN_UNGUARDED_AVAILABILITY = YES_AGGRESSIVE;
				CLANG_WARN_UNREACHABLE_CODE = YES;
				CLANG_WARN__DUPLICATE_METHOD_MATCH = YES;
				COPY_PHASE_STRIP = NO;
				DEBUG_INFORMATION_FORMAT = "dwarf-with-dsym";
				ENABLE_NS_ASSERTIONS = NO;
				ENABLE_STRICT_OBJC_MSGSEND = YES;
				ENABLE_USER_SCRIPT_SANDBOXING = YES;
				GCC_C_LANGUAGE_STANDARD = gnu17;
				GCC_NO_COMMON_BLOCKS = YES;
				GCC_WARN_64_TO_32_BIT_CONVERSION = YES;
				GCC_WARN_ABOUT_RETURN_TYPE = YES_ERROR;
				GCC_WARN_UNDECLARED_SELECTOR = YES;
				GCC_WARN_UNINITIALIZED_AUTOS = YES_AGGRESSIVE;
				GCC_WARN_UNUSED_FUNCTION = YES;
				GCC_WARN_UNUSED_VARIABLE = YES;
				LOCALIZATION_PREFERS_STRING_CATALOGS = YES;
				MACOSX_DEPLOYMENT_TARGET = 13.6;
				MTL_ENABLE_DEBUG_INFO = NO;
				MTL_FAST_MATH = YES;
				SDKROOT = macosx;
				SWIFT_COMPILATION_MODE = wholemodule;
			};
			name = Release;
		};
		FB5F6AB12B30B94800767895 /* Debug */ = {
			isa = XCBuildConfiguration;
			buildSettings = {
				ASSETCATALOG_COMPILER_APPICON_NAME = AppIcon;
				ASSETCATALOG_COMPILER_GLOBAL_ACCENT_COLOR_NAME = AccentColor;
				CODE_SIGN_ENTITLEMENTS = DataFlow4.4/DataFlow4_4.entitlements;
				CODE_SIGN_STYLE = Automatic;
				COMBINE_HIDPI_IMAGES = YES;
				CURRENT_PROJECT_VERSION = 1;
				DEVELOPMENT_ASSET_PATHS = "\"DataFlow4.4/Preview Content\"";
				DEVELOPMENT_TEAM = RUD8XS9S52;
				ENABLE_HARDENED_RUNTIME = YES;
				ENABLE_PREVIEWS = YES;
				GENERATE_INFOPLIST_FILE = YES;
				INFOPLIST_KEY_NSHumanReadableCopyright = "";
				LD_RUNPATH_SEARCH_PATHS = (
					"$(inherited)",
					"@executable_path/../Frameworks",
				);
				MARKETING_VERSION = 1.0;
				PRODUCT_BUNDLE_IDENTIFIER = "ru.SwiftBook.DataFlow4-4";
				PRODUCT_NAME = "$(TARGET_NAME)";
				SUPPORTED_PLATFORMS = "iphoneos iphonesimulator";
				SUPPORTS_MACCATALYST = NO;
				SWIFT_EMIT_LOC_STRINGS = YES;
				SWIFT_VERSION = 5.0;
				TARGETED_DEVICE_FAMILY = 1;
			};
			name = Debug;
		};
		FB5F6AB22B30B94800767895 /* Release */ = {
			isa = XCBuildConfiguration;
			buildSettings = {
				ASSETCATALOG_COMPILER_APPICON_NAME = AppIcon;
				ASSETCATALOG_COMPILER_GLOBAL_ACCENT_COLOR_NAME = AccentColor;
				CODE_SIGN_ENTITLEMENTS = DataFlow4.4/DataFlow4_4.entitlements;
				CODE_SIGN_STYLE = Automatic;
				COMBINE_HIDPI_IMAGES = YES;
				CURRENT_PROJECT_VERSION = 1;
				DEVELOPMENT_ASSET_PATHS = "\"DataFlow4.4/Preview Content\"";
				DEVELOPMENT_TEAM = RUD8XS9S52;
				ENABLE_HARDENED_RUNTIME = YES;
				ENABLE_PREVIEWS = YES;
				GENERATE_INFOPLIST_FILE = YES;
				INFOPLIST_KEY_NSHumanReadableCopyright = "";
				LD_RUNPATH_SEARCH_PATHS = (
					"$(inherited)",
					"@executable_path/../Frameworks",
				);
				MARKETING_VERSION = 1.0;
				PRODUCT_BUNDLE_IDENTIFIER = "ru.SwiftBook.DataFlow4-4";
				PRODUCT_NAME = "$(TARGET_NAME)";
				SUPPORTED_PLATFORMS = "iphoneos iphonesimulator";
				SUPPORTS_MACCATALYST = NO;
				SWIFT_EMIT_LOC_STRINGS = YES;
				SWIFT_VERSION = 5.0;
				TARGETED_DEVICE_FAMILY = 1;
			};
			name = Release;
		};
/* End XCBuildConfiguration section */

/* Begin XCConfigurationList section */
		FB5F6A9C2B30B94500767895 /* Build configuration list for PBXProject "DataFlow4.4" */ = {
			isa = XCConfigurationList;
			buildConfigurations = (
				FB5F6AAE2B30B94800767895 /* Debug */,
				FB5F6AAF2B30B94800767895 /* Release */,
			);
			defaultConfigurationIsVisible = 0;
			defaultConfigurationName = Release;
		};
		FB5F6AB02B30B94800767895 /* Build configuration list for PBXNativeTarget "DataFlow4.4" */ = {
			isa = XCConfigurationList;
			buildConfigurations = (
				FB5F6AB12B30B94800767895 /* Debug */,
				FB5F6AB22B30B94800767895 /* Release */,
			);
			defaultConfigurationIsVisible = 0;
			defaultConfigurationName = Release;
		};
/* End XCConfigurationList section */
	};
	rootObject = FB5F6A992B30B94500767895 /* Project object */;
}
